// !$*UTF8*$!
{
	archiveVersion = 1;
	classes = {
	};
	objectVersion = 50;
	objects = {

/* Begin PBXBuildFile section */
		1CD979E02244ACE400DE3CCF /* AppDelegate.swift in Sources */ = {isa = PBXBuildFile; fileRef = 1CD979DF2244ACE400DE3CCF /* AppDelegate.swift */; };
		1CD979E22244ACE400DE3CCF /* ViewController.swift in Sources */ = {isa = PBXBuildFile; fileRef = 1CD979E12244ACE400DE3CCF /* ViewController.swift */; };
		1CD979E52244ACE400DE3CCF /* Main.storyboard in Resources */ = {isa = PBXBuildFile; fileRef = 1CD979E32244ACE400DE3CCF /* Main.storyboard */; };
		1CD979E72244ACE500DE3CCF /* Assets.xcassets in Resources */ = {isa = PBXBuildFile; fileRef = 1CD979E62244ACE500DE3CCF /* Assets.xcassets */; };
		1CD979EA2244ACE500DE3CCF /* LaunchScreen.storyboard in Resources */ = {isa = PBXBuildFile; fileRef = 1CD979E82244ACE500DE3CCF /* LaunchScreen.storyboard */; };
		1CD979F42244ADEB00DE3CCF /* OpenCVWrapper.mm in Sources */ = {isa = PBXBuildFile; fileRef = 1CD979F32244ADEB00DE3CCF /* OpenCVWrapper.mm */; };
		1CD979FB2244B60800DE3CCF /* CoreGraphics.framework in Frameworks */ = {isa = PBXBuildFile; fileRef = 1CD979FA2244B60800DE3CCF /* CoreGraphics.framework */; };
		1CD979FD2244B61100DE3CCF /* CoreMedia.framework in Frameworks */ = {isa = PBXBuildFile; fileRef = 1CD979FC2244B61100DE3CCF /* CoreMedia.framework */; };
		1CD979FF2244B61A00DE3CCF /* CoreFoundation.framework in Frameworks */ = {isa = PBXBuildFile; fileRef = 1CD979FE2244B61A00DE3CCF /* CoreFoundation.framework */; };
		1CD97A012244B62100DE3CCF /* AssetsLibrary.framework in Frameworks */ = {isa = PBXBuildFile; fileRef = 1CD97A002244B62100DE3CCF /* AssetsLibrary.framework */; };
		1CD97A032244B62A00DE3CCF /* Accelerate.framework in Frameworks */ = {isa = PBXBuildFile; fileRef = 1CD97A022244B62A00DE3CCF /* Accelerate.framework */; };
		1CD97A052244C17A00DE3CCF /* image1.jpg in Resources */ = {isa = PBXBuildFile; fileRef = 1CD97A042244C17A00DE3CCF /* image1.jpg */; };
		1CE3824F224C87C100E8F085 /* IMG_4399.JPG in Resources */ = {isa = PBXBuildFile; fileRef = 1CE3824E224C87C100E8F085 /* IMG_4399.JPG */; };
		1CE38251224C92F300E8F085 /* opencv2.framework in Frameworks */ = {isa = PBXBuildFile; fileRef = 1CE38250224C92F300E8F085 /* opencv2.framework */; };
/* End PBXBuildFile section */

/* Begin PBXFileReference section */
		1CD979DC2244ACE400DE3CCF /* OpenCVDemo.app */ = {isa = PBXFileReference; explicitFileType = wrapper.application; includeInIndex = 0; path = OpenCVDemo.app; sourceTree = BUILT_PRODUCTS_DIR; };
		1CD979DF2244ACE400DE3CCF /* AppDelegate.swift */ = {isa = PBXFileReference; lastKnownFileType = sourcecode.swift; path = AppDelegate.swift; sourceTree = "<group>"; };
		1CD979E12244ACE400DE3CCF /* ViewController.swift */ = {isa = PBXFileReference; lastKnownFileType = sourcecode.swift; path = ViewController.swift; sourceTree = "<group>"; };
		1CD979E42244ACE400DE3CCF /* Base */ = {isa = PBXFileReference; lastKnownFileType = file.storyboard; name = Base; path = Base.lproj/Main.storyboard; sourceTree = "<group>"; };
		1CD979E62244ACE500DE3CCF /* Assets.xcassets */ = {isa = PBXFileReference; lastKnownFileType = folder.assetcatalog; path = Assets.xcassets; sourceTree = "<group>"; };
		1CD979E92244ACE500DE3CCF /* Base */ = {isa = PBXFileReference; lastKnownFileType = file.storyboard; name = Base; path = Base.lproj/LaunchScreen.storyboard; sourceTree = "<group>"; };
		1CD979EB2244ACE500DE3CCF /* Info.plist */ = {isa = PBXFileReference; lastKnownFileType = text.plist.xml; path = Info.plist; sourceTree = "<group>"; };
		1CD979F12244ADEB00DE3CCF /* OpenCVDemo-Bridging-Header.h */ = {isa = PBXFileReference; lastKnownFileType = sourcecode.c.h; path = "OpenCVDemo-Bridging-Header.h"; sourceTree = "<group>"; };
		1CD979F22244ADEB00DE3CCF /* OpenCVWrapper.h */ = {isa = PBXFileReference; lastKnownFileType = sourcecode.c.h; path = OpenCVWrapper.h; sourceTree = "<group>"; };
		1CD979F32244ADEB00DE3CCF /* OpenCVWrapper.mm */ = {isa = PBXFileReference; explicitFileType = sourcecode.cpp.objcpp; path = OpenCVWrapper.mm; sourceTree = "<group>"; };
		1CD979FA2244B60800DE3CCF /* CoreGraphics.framework */ = {isa = PBXFileReference; lastKnownFileType = wrapper.framework; name = CoreGraphics.framework; path = System/Library/Frameworks/CoreGraphics.framework; sourceTree = SDKROOT; };
		1CD979FC2244B61100DE3CCF /* CoreMedia.framework */ = {isa = PBXFileReference; lastKnownFileType = wrapper.framework; name = CoreMedia.framework; path = System/Library/Frameworks/CoreMedia.framework; sourceTree = SDKROOT; };
		1CD979FE2244B61A00DE3CCF /* CoreFoundation.framework */ = {isa = PBXFileReference; lastKnownFileType = wrapper.framework; name = CoreFoundation.framework; path = System/Library/Frameworks/CoreFoundation.framework; sourceTree = SDKROOT; };
		1CD97A002244B62100DE3CCF /* AssetsLibrary.framework */ = {isa = PBXFileReference; lastKnownFileType = wrapper.framework; name = AssetsLibrary.framework; path = System/Library/Frameworks/AssetsLibrary.framework; sourceTree = SDKROOT; };
		1CD97A022244B62A00DE3CCF /* Accelerate.framework */ = {isa = PBXFileReference; lastKnownFileType = wrapper.framework; name = Accelerate.framework; path = System/Library/Frameworks/Accelerate.framework; sourceTree = SDKROOT; };
		1CD97A042244C17A00DE3CCF /* image1.jpg */ = {isa = PBXFileReference; lastKnownFileType = image.jpeg; path = image1.jpg; sourceTree = "<group>"; };
		1CE3824E224C87C100E8F085 /* IMG_4399.JPG */ = {isa = PBXFileReference; lastKnownFileType = image.jpeg; path = IMG_4399.JPG; sourceTree = "<group>"; };
		1CE38250224C92F300E8F085 /* opencv2.framework */ = {isa = PBXFileReference; lastKnownFileType = wrapper.framework; path = opencv2.framework; sourceTree = "<group>"; };
/* End PBXFileReference section */

/* Begin PBXFrameworksBuildPhase section */
		1CD979D92244ACE400DE3CCF /* Frameworks */ = {
			isa = PBXFrameworksBuildPhase;
			buildActionMask = 2147483647;
			files = (
				1CE38251224C92F300E8F085 /* opencv2.framework in Frameworks */,
				1CD979FB2244B60800DE3CCF /* CoreGraphics.framework in Frameworks */,
				1CD979FD2244B61100DE3CCF /* CoreMedia.framework in Frameworks */,
				1CD979FF2244B61A00DE3CCF /* CoreFoundation.framework in Frameworks */,
				1CD97A012244B62100DE3CCF /* AssetsLibrary.framework in Frameworks */,
				1CD97A032244B62A00DE3CCF /* Accelerate.framework in Frameworks */,
			);
			runOnlyForDeploymentPostprocessing = 0;
		};
/* End PBXFrameworksBuildPhase section */

/* Begin PBXGroup section */
		1CD979D32244ACE400DE3CCF = {
			isa = PBXGroup;
			children = (
				1CD979DE2244ACE400DE3CCF /* OpenCVDemo */,
				1CD979DD2244ACE400DE3CCF /* Products */,
				1CD979F92244B60700DE3CCF /* Frameworks */,
			);
			sourceTree = "<group>";
		};
		1CD979DD2244ACE400DE3CCF /* Products */ = {
			isa = PBXGroup;
			children = (
				1CD979DC2244ACE400DE3CCF /* OpenCVDemo.app */,
			);
			name = Products;
			sourceTree = "<group>";
		};
		1CD979DE2244ACE400DE3CCF /* OpenCVDemo */ = {
			isa = PBXGroup;
			children = (
				1CE38250224C92F300E8F085 /* opencv2.framework */,
				1CD979F22244ADEB00DE3CCF /* OpenCVWrapper.h */,
				1CD979F32244ADEB00DE3CCF /* OpenCVWrapper.mm */,
				1CD979DF2244ACE400DE3CCF /* AppDelegate.swift */,
				1CD979E12244ACE400DE3CCF /* ViewController.swift */,
				1CD979E32244ACE400DE3CCF /* Main.storyboard */,
				1CD979E62244ACE500DE3CCF /* Assets.xcassets */,
				1CD979E82244ACE500DE3CCF /* LaunchScreen.storyboard */,
				1CD979EB2244ACE500DE3CCF /* Info.plist */,
				1CD979F12244ADEB00DE3CCF /* OpenCVDemo-Bridging-Header.h */,
				1CD97A042244C17A00DE3CCF /* image1.jpg */,
				1CE3824E224C87C100E8F085 /* IMG_4399.JPG */,
			);
			path = OpenCVDemo;
			sourceTree = "<group>";
		};
		1CD979F92244B60700DE3CCF /* Frameworks */ = {
			isa = PBXGroup;
			children = (
				1CD97A022244B62A00DE3CCF /* Accelerate.framework */,
				1CD97A002244B62100DE3CCF /* AssetsLibrary.framework */,
				1CD979FE2244B61A00DE3CCF /* CoreFoundation.framework */,
				1CD979FC2244B61100DE3CCF /* CoreMedia.framework */,
				1CD979FA2244B60800DE3CCF /* CoreGraphics.framework */,
			);
			name = Frameworks;
			sourceTree = "<group>";
		};
/* End PBXGroup section */

/* Begin PBXNativeTarget section */
		1CD979DB2244ACE400DE3CCF /* OpenCVDemo */ = {
			isa = PBXNativeTarget;
			buildConfigurationList = 1CD979EE2244ACE500DE3CCF /* Build configuration list for PBXNativeTarget "OpenCVDemo" */;
			buildPhases = (
				1CD979D82244ACE400DE3CCF /* Sources */,
				1CD979D92244ACE400DE3CCF /* Frameworks */,
				1CD979DA2244ACE400DE3CCF /* Resources */,
			);
			buildRules = (
			);
			dependencies = (
			);
			name = OpenCVDemo;
			productName = OpenCVDemo;
			productReference = 1CD979DC2244ACE400DE3CCF /* OpenCVDemo.app */;
			productType = "com.apple.product-type.application";
		};
/* End PBXNativeTarget section */

/* Begin PBXProject section */
		1CD979D42244ACE400DE3CCF /* Project object */ = {
			isa = PBXProject;
			attributes = {
				LastSwiftUpdateCheck = 1010;
				LastUpgradeCheck = 1010;
				ORGANIZATIONNAME = "Ankit Kargathra";
				TargetAttributes = {
					1CD979DB2244ACE400DE3CCF = {
						CreatedOnToolsVersion = 10.1;
						LastSwiftMigration = 1010;
					};
				};
			};
			buildConfigurationList = 1CD979D72244ACE400DE3CCF /* Build configuration list for PBXProject "OpenCVDemo" */;
			compatibilityVersion = "Xcode 9.3";
			developmentRegion = en;
			hasScannedForEncodings = 0;
			knownRegions = (
				en,
				Base,
			);
			mainGroup = 1CD979D32244ACE400DE3CCF;
			productRefGroup = 1CD979DD2244ACE400DE3CCF /* Products */;
			projectDirPath = "";
			projectRoot = "";
			targets = (
				1CD979DB2244ACE400DE3CCF /* OpenCVDemo */,
			);
		};
/* End PBXProject section */

/* Begin PBXResourcesBuildPhase section */
		1CD979DA2244ACE400DE3CCF /* Resources */ = {
			isa = PBXResourcesBuildPhase;
			buildActionMask = 2147483647;
			files = (
				1CD979EA2244ACE500DE3CCF /* LaunchScreen.storyboard in Resources */,
				1CD97A052244C17A00DE3CCF /* image1.jpg in Resources */,
				1CE3824F224C87C100E8F085 /* IMG_4399.JPG in Resources */,
				1CD979E72244ACE500DE3CCF /* Assets.xcassets in Resources */,
				1CD979E52244ACE400DE3CCF /* Main.storyboard in Resources */,
			);
			runOnlyForDeploymentPostprocessing = 0;
		};
/* End PBXResourcesBuildPhase section */

/* Begin PBXSourcesBuildPhase section */
		1CD979D82244ACE400DE3CCF /* Sources */ = {
			isa = PBXSourcesBuildPhase;
			buildActionMask = 2147483647;
			files = (
				1CD979E22244ACE400DE3CCF /* ViewController.swift in Sources */,
				1CD979E02244ACE400DE3CCF /* AppDelegate.swift in Sources */,
				1CD979F42244ADEB00DE3CCF /* OpenCVWrapper.mm in Sources */,
			);
			runOnlyForDeploymentPostprocessing = 0;
		};
/* End PBXSourcesBuildPhase section */

/* Begin PBXVariantGroup section */
		1CD979E32244ACE400DE3CCF /* Main.storyboard */ = {
			isa = PBXVariantGroup;
			children = (
				1CD979E42244ACE400DE3CCF /* Base */,
			);
			name = Main.storyboard;
			sourceTree = "<group>";
		};
		1CD979E82244ACE500DE3CCF /* LaunchScreen.storyboard */ = {
			isa = PBXVariantGroup;
			children = (
				1CD979E92244ACE500DE3CCF /* Base */,
			);
			name = LaunchScreen.storyboard;
			sourceTree = "<group>";
		};
/* End PBXVariantGroup section */

/* Begin XCBuildConfiguration section */
		1CD979EC2244ACE500DE3CCF /* Debug */ = {
			isa = XCBuildConfiguration;
			buildSettings = {
				ALWAYS_SEARCH_USER_PATHS = NO;
				CLANG_ANALYZER_NONNULL = YES;
				CLANG_ANALYZER_NUMBER_OBJECT_CONVERSION = YES_AGGRESSIVE;
				CLANG_CXX_LANGUAGE_STANDARD = "gnu++14";
				CLANG_CXX_LIBRARY = "libc++";
				CLANG_ENABLE_MODULES = YES;
				CLANG_ENABLE_OBJC_ARC = YES;
				CLANG_ENABLE_OBJC_WEAK = YES;
				CLANG_WARN_BLOCK_CAPTURE_AUTORELEASING = YES;
				CLANG_WARN_BOOL_CONVERSION = YES;
				CLANG_WARN_COMMA = YES;
				CLANG_WARN_CONSTANT_CONVERSION = YES;
				CLANG_WARN_DEPRECATED_OBJC_IMPLEMENTATIONS = YES;
				CLANG_WARN_DIRECT_OBJC_ISA_USAGE = YES_ERROR;
				CLANG_WARN_DOCUMENTATION_COMMENTS = YES;
				CLANG_WARN_EMPTY_BODY = YES;
				CLANG_WARN_ENUM_CONVERSION = YES;
				CLANG_WARN_INFINITE_RECURSION = YES;
				CLANG_WARN_INT_CONVERSION = YES;
				CLANG_WARN_NON_LITERAL_NULL_CONVERSION = YES;
				CLANG_WARN_OBJC_IMPLICIT_RETAIN_SELF = YES;
				CLANG_WARN_OBJC_LITERAL_CONVERSION = YES;
				CLANG_WARN_OBJC_ROOT_CLASS = YES_ERROR;
				CLANG_WARN_RANGE_LOOP_ANALYSIS = YES;
				CLANG_WARN_STRICT_PROTOTYPES = YES;
				CLANG_WARN_SUSPICIOUS_MOVE = YES;
				CLANG_WARN_UNGUARDED_AVAILABILITY = YES_AGGRESSIVE;
				CLANG_WARN_UNREACHABLE_CODE = YES;
				CLANG_WARN__DUPLICATE_METHOD_MATCH = YES;
				CODE_SIGN_IDENTITY = "iPhone Developer";
				COPY_PHASE_STRIP = NO;
				DEBUG_INFORMATION_FORMAT = dwarf;
				ENABLE_STRICT_OBJC_MSGSEND = YES;
				ENABLE_TESTABILITY = YES;
				GCC_C_LANGUAGE_STANDARD = gnu11;
				GCC_DYNAMIC_NO_PIC = NO;
				GCC_NO_COMMON_BLOCKS = YES;
				GCC_OPTIMIZATION_LEVEL = 0;
				GCC_PREPROCESSOR_DEFINITIONS = (
					"DEBUG=1",
					"$(inherited)",
				);
				GCC_WARN_64_TO_32_BIT_CONVERSION = YES;
				GCC_WARN_ABOUT_RETURN_TYPE = YES_ERROR;
				GCC_WARN_UNDECLARED_SELECTOR = YES;
				GCC_WARN_UNINITIALIZED_AUTOS = YES_AGGRESSIVE;
				GCC_WARN_UNUSED_FUNCTION = YES;
				GCC_WARN_UNUSED_VARIABLE = YES;
				IPHONEOS_DEPLOYMENT_TARGET = 12.1;
				MTL_ENABLE_DEBUG_INFO = INCLUDE_SOURCE;
				MTL_FAST_MATH = YES;
				ONLY_ACTIVE_ARCH = YES;
				SDKROOT = iphoneos;
				SWIFT_ACTIVE_COMPILATION_CONDITIONS = DEBUG;
				SWIFT_OPTIMIZATION_LEVEL = "-Onone";
			};
			name = Debug;
		};
		1CD979ED2244ACE500DE3CCF /* Release */ = {
			isa = XCBuildConfiguration;
			buildSettings = {
				ALWAYS_SEARCH_USER_PATHS = NO;
				CLANG_ANALYZER_NONNULL = YES;
				CLANG_ANALYZER_NUMBER_OBJECT_CONVERSION = YES_AGGRESSIVE;
				CLANG_CXX_LANGUAGE_STANDARD = "gnu++14";
				CLANG_CXX_LIBRARY = "libc++";
				CLANG_ENABLE_MODULES = YES;
				CLANG_ENABLE_OBJC_ARC = YES;
				CLANG_ENABLE_OBJC_WEAK = YES;
				CLANG_WARN_BLOCK_CAPTURE_AUTORELEASING = YES;
				CLANG_WARN_BOOL_CONVERSION = YES;
				CLANG_WARN_COMMA = YES;
				CLANG_WARN_CONSTANT_CONVERSION = YES;
				CLANG_WARN_DEPRECATED_OBJC_IMPLEMENTATIONS = YES;
				CLANG_WARN_DIRECT_OBJC_ISA_USAGE = YES_ERROR;
				CLANG_WARN_DOCUMENTATION_COMMENTS = YES;
				CLANG_WARN_EMPTY_BODY = YES;
				CLANG_WARN_ENUM_CONVERSION = YES;
				CLANG_WARN_INFINITE_RECURSION = YES;
				CLANG_WARN_INT_CONVERSION = YES;
				CLANG_WARN_NON_LITERAL_NULL_CONVERSION = YES;
				CLANG_WARN_OBJC_IMPLICIT_RETAIN_SELF = YES;
				CLANG_WARN_OBJC_LITERAL_CONVERSION = YES;
				CLANG_WARN_OBJC_ROOT_CLASS = YES_ERROR;
				CLANG_WARN_RANGE_LOOP_ANALYSIS = YES;
				CLANG_WARN_STRICT_PROTOTYPES = YES;
				CLANG_WARN_SUSPICIOUS_MOVE = YES;
				CLANG_WARN_UNGUARDED_AVAILABILITY = YES_AGGRESSIVE;
				CLANG_WARN_UNREACHABLE_CODE = YES;
				CLANG_WARN__DUPLICATE_METHOD_MATCH = YES;
				CODE_SIGN_IDENTITY = "iPhone Developer";
				COPY_PHASE_STRIP = NO;
				DEBUG_INFORMATION_FORMAT = "dwarf-with-dsym";
				ENABLE_NS_ASSERTIONS = NO;
				ENABLE_STRICT_OBJC_MSGSEND = YES;
				GCC_C_LANGUAGE_STANDARD = gnu11;
				GCC_NO_COMMON_BLOCKS = YES;
				GCC_WARN_64_TO_32_BIT_CONVERSION = YES;
				GCC_WARN_ABOUT_RETURN_TYPE = YES_ERROR;
				GCC_WARN_UNDECLARED_SELECTOR = YES;
				GCC_WARN_UNINITIALIZED_AUTOS = YES_AGGRESSIVE;
				GCC_WARN_UNUSED_FUNCTION = YES;
				GCC_WARN_UNUSED_VARIABLE = YES;
				IPHONEOS_DEPLOYMENT_TARGET = 12.1;
				MTL_ENABLE_DEBUG_INFO = NO;
				MTL_FAST_MATH = YES;
				SDKROOT = iphoneos;
				SWIFT_COMPILATION_MODE = wholemodule;
				SWIFT_OPTIMIZATION_LEVEL = "-O";
				VALIDATE_PRODUCT = YES;
			};
			name = Release;
		};
		1CD979EF2244ACE500DE3CCF /* Debug */ = {
			isa = XCBuildConfiguration;
			buildSettings = {
				ASSETCATALOG_COMPILER_APPICON_NAME = AppIcon;
				CLANG_ENABLE_MODULES = YES;
				CODE_SIGN_STYLE = Automatic;
				DEVELOPMENT_TEAM = L73K63TP9E;
				FRAMEWORK_SEARCH_PATHS = (
					"$(inherited)",
					"$(PROJECT_DIR)/OpenCVDemo",
				);
				INFOPLIST_FILE = OpenCVDemo/Info.plist;
				LD_RUNPATH_SEARCH_PATHS = (
					"$(inherited)",
					"@executable_path/Frameworks",
				);
				PRODUCT_BUNDLE_IDENTIFIER = com.solulab.OpenCVDemo;
				PRODUCT_NAME = "$(TARGET_NAME)";
				SWIFT_OBJC_BRIDGING_HEADER = "OpenCVDemo/OpenCVDemo-Bridging-Header.h";
				SWIFT_OPTIMIZATION_LEVEL = "-Onone";
				SWIFT_VERSION = 4.2;
				TARGETED_DEVICE_FAMILY = "1,2";
			};
			name = Debug;
		};
		1CD979F02244ACE500DE3CCF /* Release */ = {
			isa = XCBuildConfiguration;
			buildSettings = {
				ASSETCATALOG_COMPILER_APPICON_NAME = AppIcon;
				CLANG_ENABLE_MODULES = YES;
				CODE_SIGN_STYLE = Automatic;
				DEVELOPMENT_TEAM = L73K63TP9E;
				FRAMEWORK_SEARCH_PATHS = (
					"$(inherited)",
					"$(PROJECT_DIR)/OpenCVDemo",
				);
				INFOPLIST_FILE = OpenCVDemo/Info.plist;
				LD_RUNPATH_SEARCH_PATHS = (
					"$(inherited)",
					"@executable_path/Frameworks",
				);
				PRODUCT_BUNDLE_IDENTIFIER = com.solulab.OpenCVDemo;
				PRODUCT_NAME = "$(TARGET_NAME)";
				SWIFT_OBJC_BRIDGING_HEADER = "OpenCVDemo/OpenCVDemo-Bridging-Header.h";
				SWIFT_VERSION = 4.2;
				TARGETED_DEVICE_FAMILY = "1,2";
			};
			name = Release;
		};
/* End XCBuildConfiguration section */

/* Begin XCConfigurationList section */
		1CD979D72244ACE400DE3CCF /* Build configuration list for PBXProject "OpenCVDemo" */ = {
			isa = XCConfigurationList;
			buildConfigurations = (
				1CD979EC2244ACE500DE3CCF /* Debug */,
				1CD979ED2244ACE500DE3CCF /* Release */,
			);
			defaultConfigurationIsVisible = 0;
			defaultConfigurationName = Release;
		};
		1CD979EE2244ACE500DE3CCF /* Build configuration list for PBXNativeTarget "OpenCVDemo" */ = {
			isa = XCConfigurationList;
			buildConfigurations = (
				1CD979EF2244ACE500DE3CCF /* Debug */,
				1CD979F02244ACE500DE3CCF /* Release */,
			);
			defaultConfigurationIsVisible = 0;
			defaultConfigurationName = Release;
		};
/* End XCConfigurationList section */
	};
	rootObject = 1CD979D42244ACE400DE3CCF /* Project object */;
}
